
Microsoft Visual Studio Solution File, Format Version 12.00
# Visual Studio Version 17
VisualStudioVersion = 17.3.32811.315
MinimumVisualStudioVersion = 10.0.40219.1
Project("{9A19103F-16F7-4668-BE54-9A1E7A4F7556}") = "AuthorService", "..\AuthorService\AuthorService.csproj", "{7FEE4BAE-E53D-42ED-82D3-B1FE3003E57B}"
EndProject
Project("{9A19103F-16F7-4668-BE54-9A1E7A4F7556}") = "ReaderService", "..\ReaderService\ReaderService.csproj", "{A5AA88C8-EA04-41EA-849E-7BFAF4B2F128}"
EndProject
Project("{9A19103F-16F7-4668-BE54-9A1E7A4F7556}") = "AuthServer", "..\AuthServer\AuthServer.csproj", "{5E7D8C1F-5BC3-4AE2-A385-F83DD4619996}"
EndProject
Project("{9A19103F-16F7-4668-BE54-9A1E7A4F7556}") = "UserRegistartion", "..\UserRegistartion\UserRegistartion.csproj", "{CAB3826F-8B58-4064-B8CB-90983141EC2E}"
EndProject
Project("{9A19103F-16F7-4668-BE54-9A1E7A4F7556}") = "DigitalBookGatewayService", "..\DigitalBookGatewayService\DigitalBookGatewayService.csproj", "{9B27674B-39BB-4A4B-B717-5219C14D115A}"
EndProject
Global
	GlobalSection(SolutionConfigurationPlatforms) = preSolution
		Debug|Any CPU = Debug|Any CPU
		Release|Any CPU = Release|Any CPU
	EndGlobalSection
	GlobalSection(ProjectConfigurationPlatforms) = postSolution
		{7FEE4BAE-E53D-42ED-82D3-B1FE3003E57B}.Debug|Any CPU.ActiveCfg = Debug|Any CPU
		{7FEE4BAE-E53D-42ED-82D3-B1FE3003E57B}.Debug|Any CPU.Build.0 = Debug|Any CPU
		{7FEE4BAE-E53D-42ED-82D3-B1FE3003E57B}.Release|Any CPU.ActiveCfg = Release|Any CPU
		{7FEE4BAE-E53D-42ED-82D3-B1FE3003E57B}.Release|Any CPU.Build.0 = Release|Any CPU
		{A5AA88C8-EA04-41EA-849E-7BFAF4B2F128}.Debug|Any CPU.ActiveCfg = Debug|Any CPU
		{A5AA88C8-EA04-41EA-849E-7BFAF4B2F128}.Debug|Any CPU.Build.0 = Debug|Any CPU
		{A5AA88C8-EA04-41EA-849E-7BFAF4B2F128}.Release|Any CPU.ActiveCfg = Release|Any CPU
		{A5AA88C8-EA04-41EA-849E-7BFAF4B2F128}.Release|Any CPU.Build.0 = Release|Any CPU
		{5E7D8C1F-5BC3-4AE2-A385-F83DD4619996}.Debug|Any CPU.ActiveCfg = Debug|Any CPU
		{5E7D8C1F-5BC3-4AE2-A385-F83DD4619996}.Debug|Any CPU.Build.0 = Debug|Any CPU
		{5E7D8C1F-5BC3-4AE2-A385-F83DD4619996}.Release|Any CPU.ActiveCfg = Release|Any CPU
		{5E7D8C1F-5BC3-4AE2-A385-F83DD4619996}.Release|Any CPU.Build.0 = Release|Any CPU
		{CAB3826F-8B58-4064-B8CB-90983141EC2E}.Debug|Any CPU.ActiveCfg = Debug|Any CPU
		{CAB3826F-8B58-4064-B8CB-90983141EC2E}.Debug|Any CPU.Build.0 = Debug|Any CPU
		{CAB3826F-8B58-4064-B8CB-90983141EC2E}.Release|Any CPU.ActiveCfg = Release|Any CPU
		{CAB3826F-8B58-4064-B8CB-90983141EC2E}.Release|Any CPU.Build.0 = Release|Any CPU
		{9B27674B-39BB-4A4B-B717-5219C14D115A}.Debug|Any CPU.ActiveCfg = Debug|Any CPU
		{9B27674B-39BB-4A4B-B717-5219C14D115A}.Debug|Any CPU.Build.0 = Debug|Any CPU
		{9B27674B-39BB-4A4B-B717-5219C14D115A}.Release|Any CPU.ActiveCfg = Release|Any CPU
		{9B27674B-39BB-4A4B-B717-5219C14D115A}.Release|Any CPU.Build.0 = Release|Any CPU
	EndGlobalSection
	GlobalSection(SolutionProperties) = preSolution
		HideSolutionNode = FALSE
	EndGlobalSection
	GlobalSection(ExtensibilityGlobals) = postSolution
		SolutionGuid = {662A7FE2-CC8E-4407-BFEE-05327B08E48D}
	EndGlobalSection
EndGlobal
